// !$*UTF8*$!
{
	archiveVersion = 1;
	classes = {
	};
	objectVersion = 77;
	objects = {

/* Begin PBXBuildFile section */
		AC9818572DF0E1040096A885 /* OpenAPIRuntime in Frameworks */ = {isa = PBXBuildFile; productRef = AC9818562DF0E1040096A885 /* OpenAPIRuntime */; };
		AC98185A2DF0E1130096A885 /* OpenAPIURLSession in Frameworks */ = {isa = PBXBuildFile; productRef = AC9818592DF0E1130096A885 /* OpenAPIURLSession */; };
/* End PBXBuildFile section */

/* Begin PBXContainerItemProxy section */
		AC9FA6BD2DFA236500BF1AE8 /* PBXContainerItemProxy */ = {
			isa = PBXContainerItemProxy;
			containerPortal = AC9BFEEB2DE8ED6200CC398E /* Project object */;
			proxyType = 1;
			remoteGlobalIDString = AC9BFEF22DE8ED6200CC398E;
			remoteInfo = TravelSchedule;
		};
/* End PBXContainerItemProxy section */

/* Begin PBXFileReference section */
		AC9BFEF32DE8ED6200CC398E /* TravelSchedule.app */ = {isa = PBXFileReference; explicitFileType = wrapper.application; includeInIndex = 0; path = TravelSchedule.app; sourceTree = BUILT_PRODUCTS_DIR; };
		AC9FA6B92DFA236500BF1AE8 /* TravelScheduleTests.xctest */ = {isa = PBXFileReference; explicitFileType = wrapper.cfbundle; includeInIndex = 0; path = TravelScheduleTests.xctest; sourceTree = BUILT_PRODUCTS_DIR; };
/* End PBXFileReference section */

/* Begin PBXFileSystemSynchronizedRootGroup section */
		AC9BFEF52DE8ED6200CC398E /* TravelSchedule */ = {
			isa = PBXFileSystemSynchronizedRootGroup;
			path = TravelSchedule;
			sourceTree = "<group>";
		};
		AC9FA6BA2DFA236500BF1AE8 /* TravelScheduleTests */ = {
			isa = PBXFileSystemSynchronizedRootGroup;
			path = TravelScheduleTests;
			sourceTree = "<group>";
		};
/* End PBXFileSystemSynchronizedRootGroup section */

/* Begin PBXFrameworksBuildPhase section */
		AC9BFEF02DE8ED6200CC398E /* Frameworks */ = {
			isa = PBXFrameworksBuildPhase;
			buildActionMask = 2147483647;
			files = (
				AC9818572DF0E1040096A885 /* OpenAPIRuntime in Frameworks */,
				AC98185A2DF0E1130096A885 /* OpenAPIURLSession in Frameworks */,
			);
			runOnlyForDeploymentPostprocessing = 0;
		};
		AC9FA6B62DFA236500BF1AE8 /* Frameworks */ = {
			isa = PBXFrameworksBuildPhase;
			buildActionMask = 2147483647;
			files = (
			);
			runOnlyForDeploymentPostprocessing = 0;
		};
/* End PBXFrameworksBuildPhase section */

/* Begin PBXGroup section */
		AC9BFEEA2DE8ED6200CC398E = {
			isa = PBXGroup;
			children = (
				AC9BFEF52DE8ED6200CC398E /* TravelSchedule */,
				AC9FA6BA2DFA236500BF1AE8 /* TravelScheduleTests */,
				AC9BFEF42DE8ED6200CC398E /* Products */,
			);
			sourceTree = "<group>";
		};
		AC9BFEF42DE8ED6200CC398E /* Products */ = {
			isa = PBXGroup;
			children = (
				AC9BFEF32DE8ED6200CC398E /* TravelSchedule.app */,
				AC9FA6B92DFA236500BF1AE8 /* TravelScheduleTests.xctest */,
			);
			name = Products;
			sourceTree = "<group>";
		};
/* End PBXGroup section */

/* Begin PBXNativeTarget section */
		AC9BFEF22DE8ED6200CC398E /* TravelSchedule */ = {
			isa = PBXNativeTarget;
			buildConfigurationList = AC9BFF012DE8ED6300CC398E /* Build configuration list for PBXNativeTarget "TravelSchedule" */;
			buildPhases = (
				AC9BFEEF2DE8ED6200CC398E /* Sources */,
				AC9BFEF02DE8ED6200CC398E /* Frameworks */,
				AC9BFEF12DE8ED6200CC398E /* Resources */,
			);
			buildRules = (
			);
			dependencies = (
				AC98185F2DF0E16F0096A885 /* PBXTargetDependency */,
			);
			fileSystemSynchronizedGroups = (
				AC9BFEF52DE8ED6200CC398E /* TravelSchedule */,
			);
			name = TravelSchedule;
			packageProductDependencies = (
				AC9818562DF0E1040096A885 /* OpenAPIRuntime */,
				AC9818592DF0E1130096A885 /* OpenAPIURLSession */,
			);
			productName = TravelSchedule;
			productReference = AC9BFEF32DE8ED6200CC398E /* TravelSchedule.app */;
			productType = "com.apple.product-type.application";
		};
		AC9FA6B82DFA236500BF1AE8 /* TravelScheduleTests */ = {
			isa = PBXNativeTarget;
			buildConfigurationList = AC9FA6BF2DFA236500BF1AE8 /* Build configuration list for PBXNativeTarget "TravelScheduleTests" */;
			buildPhases = (
				AC9FA6B52DFA236500BF1AE8 /* Sources */,
				AC9FA6B62DFA236500BF1AE8 /* Frameworks */,
				AC9FA6B72DFA236500BF1AE8 /* Resources */,
			);
			buildRules = (
			);
			dependencies = (
				AC9FA6BE2DFA236500BF1AE8 /* PBXTargetDependency */,
			);
			fileSystemSynchronizedGroups = (
				AC9FA6BA2DFA236500BF1AE8 /* TravelScheduleTests */,
			);
			name = TravelScheduleTests;
			packageProductDependencies = (
			);
			productName = TravelScheduleTests;
			productReference = AC9FA6B92DFA236500BF1AE8 /* TravelScheduleTests.xctest */;
			productType = "com.apple.product-type.bundle.unit-test";
		};
/* End PBXNativeTarget section */

/* Begin PBXProject section */
		AC9BFEEB2DE8ED6200CC398E /* Project object */ = {
			isa = PBXProject;
			attributes = {
				BuildIndependentTargetsInParallel = 1;
				LastSwiftUpdateCheck = 1610;
				LastUpgradeCheck = 1610;
				TargetAttributes = {
					AC9BFEF22DE8ED6200CC398E = {
						CreatedOnToolsVersion = 16.1;
					};
					AC9FA6B82DFA236500BF1AE8 = {
						CreatedOnToolsVersion = 16.1;
						TestTargetID = AC9BFEF22DE8ED6200CC398E;
					};
				};
			};
			buildConfigurationList = AC9BFEEE2DE8ED6200CC398E /* Build configuration list for PBXProject "TravelSchedule" */;
			developmentRegion = en;
			hasScannedForEncodings = 0;
			knownRegions = (
				en,
				Base,
			);
			mainGroup = AC9BFEEA2DE8ED6200CC398E;
			minimizedProjectReferenceProxies = 1;
			packageReferences = (
				AC9818552DF0E1040096A885 /* XCRemoteSwiftPackageReference "swift-openapi-runtime" */,
				AC9818582DF0E1130096A885 /* XCRemoteSwiftPackageReference "swift-openapi-urlsession" */,
				AC98185B2DF0E1510096A885 /* XCRemoteSwiftPackageReference "swift-openapi-generator" */,
			);
			preferredProjectObjectVersion = 77;
			productRefGroup = AC9BFEF42DE8ED6200CC398E /* Products */;
			projectDirPath = "";
			projectRoot = "";
			targets = (
				AC9BFEF22DE8ED6200CC398E /* TravelSchedule */,
				AC9FA6B82DFA236500BF1AE8 /* TravelScheduleTests */,
			);
		};
/* End PBXProject section */

/* Begin PBXResourcesBuildPhase section */
		AC9BFEF12DE8ED6200CC398E /* Resources */ = {
			isa = PBXResourcesBuildPhase;
			buildActionMask = 2147483647;
			files = (
			);
			runOnlyForDeploymentPostprocessing = 0;
		};
		AC9FA6B72DFA236500BF1AE8 /* Resources */ = {
			isa = PBXResourcesBuildPhase;
			buildActionMask = 2147483647;
			files = (
			);
			runOnlyForDeploymentPostprocessing = 0;
		};
/* End PBXResourcesBuildPhase section */

/* Begin PBXSourcesBuildPhase section */
		AC9BFEEF2DE8ED6200CC398E /* Sources */ = {
			isa = PBXSourcesBuildPhase;
			buildActionMask = 2147483647;
			files = (
			);
			runOnlyForDeploymentPostprocessing = 0;
		};
		AC9FA6B52DFA236500BF1AE8 /* Sources */ = {
			isa = PBXSourcesBuildPhase;
			buildActionMask = 2147483647;
			files = (
			);
			runOnlyForDeploymentPostprocessing = 0;
		};
/* End PBXSourcesBuildPhase section */

/* Begin PBXTargetDependency section */
		AC98185F2DF0E16F0096A885 /* PBXTargetDependency */ = {
			isa = PBXTargetDependency;
			productRef = AC98185E2DF0E16F0096A885 /* OpenAPIGenerator */;
		};
		AC9FA6BE2DFA236500BF1AE8 /* PBXTargetDependency */ = {
			isa = PBXTargetDependency;
			target = AC9BFEF22DE8ED6200CC398E /* TravelSchedule */;
			targetProxy = AC9FA6BD2DFA236500BF1AE8 /* PBXContainerItemProxy */;
		};
/* End PBXTargetDependency section */

/* Begin XCBuildConfiguration section */
		AC9BFEFF2DE8ED6300CC398E /* Debug */ = {
			isa = XCBuildConfiguration;
			buildSettings = {
				ALWAYS_SEARCH_USER_PATHS = NO;
				ASSETCATALOG_COMPILER_GENERATE_SWIFT_ASSET_SYMBOL_EXTENSIONS = YES;
				CLANG_ANALYZER_NONNULL = YES;
				CLANG_ANALYZER_NUMBER_OBJECT_CONVERSION = YES_AGGRESSIVE;
				CLANG_CXX_LANGUAGE_STANDARD = "gnu++20";
				CLANG_ENABLE_MODULES = YES;
				CLANG_ENABLE_OBJC_ARC = YES;
				CLANG_ENABLE_OBJC_WEAK = YES;
				CLANG_WARN_BLOCK_CAPTURE_AUTORELEASING = YES;
				CLANG_WARN_BOOL_CONVERSION = YES;
				CLANG_WARN_COMMA = YES;
				CLANG_WARN_CONSTANT_CONVERSION = YES;
				CLANG_WARN_DEPRECATED_OBJC_IMPLEMENTATIONS = YES;
				CLANG_WARN_DIRECT_OBJC_ISA_USAGE = YES_ERROR;
				CLANG_WARN_DOCUMENTATION_COMMENTS = YES;
				CLANG_WARN_EMPTY_BODY = YES;
				CLANG_WARN_ENUM_CONVERSION = YES;
				CLANG_WARN_INFINITE_RECURSION = YES;
				CLANG_WARN_INT_CONVERSION = YES;
				CLANG_WARN_NON_LITERAL_NULL_CONVERSION = YES;
				CLANG_WARN_OBJC_IMPLICIT_RETAIN_SELF = YES;
				CLANG_WARN_OBJC_LITERAL_CONVERSION = YES;
				CLANG_WARN_OBJC_ROOT_CLASS = YES_ERROR;
				CLANG_WARN_QUOTED_INCLUDE_IN_FRAMEWORK_HEADER = YES;
				CLANG_WARN_RANGE_LOOP_ANALYSIS = YES;
				CLANG_WARN_STRICT_PROTOTYPES = YES;
				CLANG_WARN_SUSPICIOUS_MOVE = YES;
				CLANG_WARN_UNGUARDED_AVAILABILITY = YES_AGGRESSIVE;
				CLANG_WARN_UNREACHABLE_CODE = YES;
				CLANG_WARN__DUPLICATE_METHOD_MATCH = YES;
				COPY_PHASE_STRIP = NO;
				DEBUG_INFORMATION_FORMAT = dwarf;
				ENABLE_STRICT_OBJC_MSGSEND = YES;
				ENABLE_TESTABILITY = YES;
				ENABLE_USER_SCRIPT_SANDBOXING = YES;
				GCC_C_LANGUAGE_STANDARD = gnu17;
				GCC_DYNAMIC_NO_PIC = NO;
				GCC_NO_COMMON_BLOCKS = YES;
				GCC_OPTIMIZATION_LEVEL = 0;
				GCC_PREPROCESSOR_DEFINITIONS = (
					"DEBUG=1",
					"$(inherited)",
				);
				GCC_WARN_64_TO_32_BIT_CONVERSION = YES;
				GCC_WARN_ABOUT_RETURN_TYPE = YES_ERROR;
				GCC_WARN_UNDECLARED_SELECTOR = YES;
				GCC_WARN_UNINITIALIZED_AUTOS = YES_AGGRESSIVE;
				GCC_WARN_UNUSED_FUNCTION = YES;
				GCC_WARN_UNUSED_VARIABLE = YES;
				IPHONEOS_DEPLOYMENT_TARGET = 18.1;
				LOCALIZATION_PREFERS_STRING_CATALOGS = YES;
				MTL_ENABLE_DEBUG_INFO = INCLUDE_SOURCE;
				MTL_FAST_MATH = YES;
				ONLY_ACTIVE_ARCH = YES;
				SDKROOT = iphoneos;
				SWIFT_ACTIVE_COMPILATION_CONDITIONS = "DEBUG $(inherited)";
				SWIFT_OPTIMIZATION_LEVEL = "-Onone";
			};
			name = Debug;
		};
		AC9BFF002DE8ED6300CC398E /* Release */ = {
			isa = XCBuildConfiguration;
			buildSettings = {
				ALWAYS_SEARCH_USER_PATHS = NO;
				ASSETCATALOG_COMPILER_GENERATE_SWIFT_ASSET_SYMBOL_EXTENSIONS = YES;
				CLANG_ANALYZER_NONNULL = YES;
				CLANG_ANALYZER_NUMBER_OBJECT_CONVERSION = YES_AGGRESSIVE;
				CLANG_CXX_LANGUAGE_STANDARD = "gnu++20";
				CLANG_ENABLE_MODULES = YES;
				CLANG_ENABLE_OBJC_ARC = YES;
				CLANG_ENABLE_OBJC_WEAK = YES;
				CLANG_WARN_BLOCK_CAPTURE_AUTORELEASING = YES;
				CLANG_WARN_BOOL_CONVERSION = YES;
				CLANG_WARN_COMMA = YES;
				CLANG_WARN_CONSTANT_CONVERSION = YES;
				CLANG_WARN_DEPRECATED_OBJC_IMPLEMENTATIONS = YES;
				CLANG_WARN_DIRECT_OBJC_ISA_USAGE = YES_ERROR;
				CLANG_WARN_DOCUMENTATION_COMMENTS = YES;
				CLANG_WARN_EMPTY_BODY = YES;
				CLANG_WARN_ENUM_CONVERSION = YES;
				CLANG_WARN_INFINITE_RECURSION = YES;
				CLANG_WARN_INT_CONVERSION = YES;
				CLANG_WARN_NON_LITERAL_NULL_CONVERSION = YES;
				CLANG_WARN_OBJC_IMPLICIT_RETAIN_SELF = YES;
				CLANG_WARN_OBJC_LITERAL_CONVERSION = YES;
				CLANG_WARN_OBJC_ROOT_CLASS = YES_ERROR;
				CLANG_WARN_QUOTED_INCLUDE_IN_FRAMEWORK_HEADER = YES;
				CLANG_WARN_RANGE_LOOP_ANALYSIS = YES;
				CLANG_WARN_STRICT_PROTOTYPES = YES;
				CLANG_WARN_SUSPICIOUS_MOVE = YES;
				CLANG_WARN_UNGUARDED_AVAILABILITY = YES_AGGRESSIVE;
				CLANG_WARN_UNREACHABLE_CODE = YES;
				CLANG_WARN__DUPLICATE_METHOD_MATCH = YES;
				COPY_PHASE_STRIP = NO;
				DEBUG_INFORMATION_FORMAT = "dwarf-with-dsym";
				ENABLE_NS_ASSERTIONS = NO;
				ENABLE_STRICT_OBJC_MSGSEND = YES;
				ENABLE_USER_SCRIPT_SANDBOXING = YES;
				GCC_C_LANGUAGE_STANDARD = gnu17;
				GCC_NO_COMMON_BLOCKS = YES;
				GCC_WARN_64_TO_32_BIT_CONVERSION = YES;
				GCC_WARN_ABOUT_RETURN_TYPE = YES_ERROR;
				GCC_WARN_UNDECLARED_SELECTOR = YES;
				GCC_WARN_UNINITIALIZED_AUTOS = YES_AGGRESSIVE;
				GCC_WARN_UNUSED_FUNCTION = YES;
				GCC_WARN_UNUSED_VARIABLE = YES;
				IPHONEOS_DEPLOYMENT_TARGET = 18.1;
				LOCALIZATION_PREFERS_STRING_CATALOGS = YES;
				MTL_ENABLE_DEBUG_INFO = NO;
				MTL_FAST_MATH = YES;
				SDKROOT = iphoneos;
				SWIFT_COMPILATION_MODE = wholemodule;
				VALIDATE_PRODUCT = YES;
			};
			name = Release;
		};
		AC9BFF022DE8ED6300CC398E /* Debug */ = {
			isa = XCBuildConfiguration;
			buildSettings = {
				ASSETCATALOG_COMPILER_APPICON_NAME = AppIcon;
				ASSETCATALOG_COMPILER_GLOBAL_ACCENT_COLOR_NAME = AccentColor;
				CODE_SIGN_STYLE = Automatic;
				CURRENT_PROJECT_VERSION = 1;
				DEVELOPMENT_ASSET_PATHS = "\"TravelSchedule/Preview Content\"";
				DEVELOPMENT_TEAM = K4FH3FUD2P;
				ENABLE_PREVIEWS = YES;
				GENERATE_INFOPLIST_FILE = YES;
				INFOPLIST_KEY_UIApplicationSceneManifest_Generation = YES;
				INFOPLIST_KEY_UIApplicationSupportsIndirectInputEvents = YES;
				INFOPLIST_KEY_UILaunchScreen_Generation = YES;
				INFOPLIST_KEY_UISupportedInterfaceOrientations_iPad = "UIInterfaceOrientationPortrait UIInterfaceOrientationPortraitUpsideDown UIInterfaceOrientationLandscapeLeft UIInterfaceOrientationLandscapeRight";
				INFOPLIST_KEY_UISupportedInterfaceOrientations_iPhone = "UIInterfaceOrientationPortrait UIInterfaceOrientationLandscapeLeft UIInterfaceOrientationLandscapeRight";
				LD_RUNPATH_SEARCH_PATHS = (
					"$(inherited)",
					"@executable_path/Frameworks",
				);
				MARKETING_VERSION = 1.0;
				PRODUCT_BUNDLE_IDENTIFIER = ru.artemsweb.TravelSchedule;
				PRODUCT_NAME = "$(TARGET_NAME)";
				SWIFT_EMIT_LOC_STRINGS = YES;
				SWIFT_VERSION = 5.0;
				TARGETED_DEVICE_FAMILY = "1,2";
			};
			name = Debug;
		};
		AC9BFF032DE8ED6300CC398E /* Release */ = {
			isa = XCBuildConfiguration;
			buildSettings = {
				ASSETCATALOG_COMPILER_APPICON_NAME = AppIcon;
				ASSETCATALOG_COMPILER_GLOBAL_ACCENT_COLOR_NAME = AccentColor;
				CODE_SIGN_STYLE = Automatic;
				CURRENT_PROJECT_VERSION = 1;
				DEVELOPMENT_ASSET_PATHS = "\"TravelSchedule/Preview Content\"";
				DEVELOPMENT_TEAM = K4FH3FUD2P;
				ENABLE_PREVIEWS = YES;
				GENERATE_INFOPLIST_FILE = YES;
				INFOPLIST_KEY_UIApplicationSceneManifest_Generation = YES;
				INFOPLIST_KEY_UIApplicationSupportsIndirectInputEvents = YES;
				INFOPLIST_KEY_UILaunchScreen_Generation = YES;
				INFOPLIST_KEY_UISupportedInterfaceOrientations_iPad = "UIInterfaceOrientationPortrait UIInterfaceOrientationPortraitUpsideDown UIInterfaceOrientationLandscapeLeft UIInterfaceOrientationLandscapeRight";
				INFOPLIST_KEY_UISupportedInterfaceOrientations_iPhone = "UIInterfaceOrientationPortrait UIInterfaceOrientationLandscapeLeft UIInterfaceOrientationLandscapeRight";
				LD_RUNPATH_SEARCH_PATHS = (
					"$(inherited)",
					"@executable_path/Frameworks",
				);
				MARKETING_VERSION = 1.0;
				PRODUCT_BUNDLE_IDENTIFIER = ru.artemsweb.TravelSchedule;
				PRODUCT_NAME = "$(TARGET_NAME)";
				SWIFT_EMIT_LOC_STRINGS = YES;
				SWIFT_VERSION = 5.0;
				TARGETED_DEVICE_FAMILY = "1,2";
			};
			name = Release;
		};
		AC9FA6C02DFA236500BF1AE8 /* Debug */ = {
			isa = XCBuildConfiguration;
			buildSettings = {
				BUNDLE_LOADER = "$(TEST_HOST)";
				CODE_SIGN_STYLE = Automatic;
				CURRENT_PROJECT_VERSION = 1;
				GENERATE_INFOPLIST_FILE = YES;
				MARKETING_VERSION = 1.0;
				PRODUCT_BUNDLE_IDENTIFIER = ru.artemsweb.TravelScheduleTests;
				PRODUCT_NAME = "$(TARGET_NAME)";
				SWIFT_EMIT_LOC_STRINGS = NO;
				SWIFT_VERSION = 5.0;
				TARGETED_DEVICE_FAMILY = "1,2";
				TEST_HOST = "$(BUILT_PRODUCTS_DIR)/TravelSchedule.app/$(BUNDLE_EXECUTABLE_FOLDER_PATH)/TravelSchedule";
			};
			name = Debug;
		};
		AC9FA6C12DFA236500BF1AE8 /* Release */ = {
			isa = XCBuildConfiguration;
			buildSettings = {
				BUNDLE_LOADER = "$(TEST_HOST)";
				CODE_SIGN_STYLE = Automatic;
				CURRENT_PROJECT_VERSION = 1;
				GENERATE_INFOPLIST_FILE = YES;
				MARKETING_VERSION = 1.0;
				PRODUCT_BUNDLE_IDENTIFIER = ru.artemsweb.TravelScheduleTests;
				PRODUCT_NAME = "$(TARGET_NAME)";
				SWIFT_EMIT_LOC_STRINGS = NO;
				SWIFT_VERSION = 5.0;
				TARGETED_DEVICE_FAMILY = "1,2";
				TEST_HOST = "$(BUILT_PRODUCTS_DIR)/TravelSchedule.app/$(BUNDLE_EXECUTABLE_FOLDER_PATH)/TravelSchedule";
			};
			name = Release;
		};
/* End XCBuildConfiguration section */

/* Begin XCConfigurationList section */
		AC9BFEEE2DE8ED6200CC398E /* Build configuration list for PBXProject "TravelSchedule" */ = {
			isa = XCConfigurationList;
			buildConfigurations = (
				AC9BFEFF2DE8ED6300CC398E /* Debug */,
				AC9BFF002DE8ED6300CC398E /* Release */,
			);
			defaultConfigurationIsVisible = 0;
			defaultConfigurationName = Release;
		};
		AC9BFF012DE8ED6300CC398E /* Build configuration list for PBXNativeTarget "TravelSchedule" */ = {
			isa = XCConfigurationList;
			buildConfigurations = (
				AC9BFF022DE8ED6300CC398E /* Debug */,
				AC9BFF032DE8ED6300CC398E /* Release */,
			);
			defaultConfigurationIsVisible = 0;
			defaultConfigurationName = Release;
		};
		AC9FA6BF2DFA236500BF1AE8 /* Build configuration list for PBXNativeTarget "TravelScheduleTests" */ = {
			isa = XCConfigurationList;
			buildConfigurations = (
				AC9FA6C02DFA236500BF1AE8 /* Debug */,
				AC9FA6C12DFA236500BF1AE8 /* Release */,
			);
			defaultConfigurationIsVisible = 0;
			defaultConfigurationName = Release;
		};
/* End XCConfigurationList section */

/* Begin XCRemoteSwiftPackageReference section */
		AC9818552DF0E1040096A885 /* XCRemoteSwiftPackageReference "swift-openapi-runtime" */ = {
			isa = XCRemoteSwiftPackageReference;
			repositoryURL = "https://github.com/apple/swift-openapi-runtime/";
			requirement = {
				kind = upToNextMajorVersion;
				minimumVersion = 1.8.2;
			};
		};
		AC9818582DF0E1130096A885 /* XCRemoteSwiftPackageReference "swift-openapi-urlsession" */ = {
			isa = XCRemoteSwiftPackageReference;
			repositoryURL = "https://github.com/apple/swift-openapi-urlsession";
			requirement = {
				kind = upToNextMajorVersion;
				minimumVersion = 1.1.0;
			};
		};
		AC98185B2DF0E1510096A885 /* XCRemoteSwiftPackageReference "swift-openapi-generator" */ = {
			isa = XCRemoteSwiftPackageReference;
			repositoryURL = "https://github.com/apple/swift-openapi-generator";
			requirement = {
				kind = upToNextMajorVersion;
				minimumVersion = 1.8.0;
			};
		};
/* End XCRemoteSwiftPackageReference section */

/* Begin XCSwiftPackageProductDependency section */
		AC9818562DF0E1040096A885 /* OpenAPIRuntime */ = {
			isa = XCSwiftPackageProductDependency;
			package = AC9818552DF0E1040096A885 /* XCRemoteSwiftPackageReference "swift-openapi-runtime" */;
			productName = OpenAPIRuntime;
		};
		AC9818592DF0E1130096A885 /* OpenAPIURLSession */ = {
			isa = XCSwiftPackageProductDependency;
			package = AC9818582DF0E1130096A885 /* XCRemoteSwiftPackageReference "swift-openapi-urlsession" */;
			productName = OpenAPIURLSession;
		};
		AC98185E2DF0E16F0096A885 /* OpenAPIGenerator */ = {
			isa = XCSwiftPackageProductDependency;
			package = AC98185B2DF0E1510096A885 /* XCRemoteSwiftPackageReference "swift-openapi-generator" */;
			productName = "plugin:OpenAPIGenerator";
		};
/* End XCSwiftPackageProductDependency section */
	};
	rootObject = AC9BFEEB2DE8ED6200CC398E /* Project object */;
}
